
Microsoft Visual Studio Solution File, Format Version 12.00
# Visual Studio Version 17
VisualStudioVersion = 17.13.35818.85 d17.13
MinimumVisualStudioVersion = 10.0.40219.1
Project("{FAE04EC0-301F-11D3-BF4B-00C04F79EFBC}") = "PO1 Student System", "PO1 Student System\PO1 Student System.csproj", "{62709FB4-A412-42DE-A9D9-C2EB3E5FE0FC}"
EndProject
Global
	GlobalSection(SolutionConfigurationPlatforms) = preSolution
		Debug|Any CPU = Debug|Any CPU
		Release|Any CPU = Release|Any CPU
	EndGlobalSection
	GlobalSection(ProjectConfigurationPlatforms) = postSolution
		{62709FB4-A412-42DE-A9D9-C2EB3E5FE0FC}.Debug|Any CPU.ActiveCfg = Debug|Any CPU
		{62709FB4-A412-42DE-A9D9-C2EB3E5FE0FC}.Debug|Any CPU.Build.0 = Debug|Any CPU
		{62709FB4-A412-42DE-A9D9-C2EB3E5FE0FC}.Release|Any CPU.ActiveCfg = Release|Any CPU
		{62709FB4-A412-42DE-A9D9-C2EB3E5FE0FC}.Release|Any CPU.Build.0 = Release|Any CPU
	EndGlobalSection
	GlobalSection(SolutionProperties) = preSolution
		HideSolutionNode = FALSE
	EndGlobalSection
	GlobalSection(ExtensibilityGlobals) = postSolution
		SolutionGuid = {578C61EC-96EC-49E3-9BE1-D86E05218363}
	EndGlobalSection
EndGlobal
